
Microsoft Visual Studio Solution File, Format Version 12.00
# Visual Studio Version 17
VisualStudioVersion = 17.8.34322.80
MinimumVisualStudioVersion = 10.0.40219.1
Project("{FAE04EC0-301F-11D3-BF4B-00C04F79EFBC}") = "WindowsFormsPractica", "WindowsFormsPractica\WindowsFormsPractica.csproj", "{C48F4CE6-69E6-46DA-BFC8-F3C2F89D8A03}"
EndProject
Global
	GlobalSection(SolutionConfigurationPlatforms) = preSolution
		Debug|Any CPU = Debug|Any CPU
		Release|Any CPU = Release|Any CPU
	EndGlobalSection
	GlobalSection(ProjectConfigurationPlatforms) = postSolution
		{C48F4CE6-69E6-46DA-BFC8-F3C2F89D8A03}.Debug|Any CPU.ActiveCfg = Debug|Any CPU
		{C48F4CE6-69E6-46DA-BFC8-F3C2F89D8A03}.Debug|Any CPU.Build.0 = Debug|Any CPU
		{C48F4CE6-69E6-46DA-BFC8-F3C2F89D8A03}.Release|Any CPU.ActiveCfg = Release|Any CPU
		{C48F4CE6-69E6-46DA-BFC8-F3C2F89D8A03}.Release|Any CPU.Build.0 = Release|Any CPU
	EndGlobalSection
	GlobalSection(SolutionProperties) = preSolution
		HideSolutionNode = FALSE
	EndGlobalSection
	GlobalSection(ExtensibilityGlobals) = postSolution
		SolutionGuid = {D7ABE27E-9023-441A-A4FA-2F2FB191386D}
	EndGlobalSection
EndGlobal
